PODS:
  - Alamofire (5.4.3)
  - AnywhereAppointmentModule (0.0.6):
    - AnywhereAppointmentModule/Core (= 0.0.6)
  - AnywhereAppointmentModule/Core (0.0.6):
    - AnywhereAppointmentModule/RecurringViewSubModule
    - CustomViewPresenter
    - MBProgressHUD (~> 1.0.0)
    - PromiseKit
    - SwiftDate
    - SwiftyBeaver
  - AnywhereAppointmentModule/RecurringViewSubModule (0.0.6)
  - AnywhereInterfaceModule (0.0.2)
  - AnywhereSchedulingEngineModule (0.0.2):
    - AnywhereInterfaceModule
    - AnywhereSchedulingEngineModule/Core (= 0.0.2)
    - MagicalRecord
    - Moya
    - PromiseKit
    - SwiftDate
    - SwiftyBeaver
  - AnywhereSchedulingEngineModule/APISubModule (0.0.2):
    - AnywhereInterfaceModule
    - MagicalRecord
    - Moya
    - PromiseKit
    - SwiftDate
    - SwiftyBeaver
  - AnywhereSchedulingEngineModule/Core (0.0.2):
    - AnywhereInterfaceModule
    - AnywhereSchedulingEngineModule/APISubModule
    - AnywhereSchedulingEngineModule/TeleportApiSubModule
    - MagicalRecord
    - Moya
    - PromiseKit
    - SwiftDate
    - SwiftyBeaver
  - AnywhereSchedulingEngineModule/TeleportApiSubModule (0.0.2):
    - AnywhereInterfaceModule
    - MagicalRecord
    - Moya
    - PromiseKit
    - SwiftDate
    - SwiftyBeaver
  - CustomViewPresenter (0.1.19)
  - InterfaceModule (0.0.1)
  - MagicalRecord (2.3.2):
    - MagicalRecord/Core (= 2.3.2)
  - MagicalRecord/Core (2.3.2)
  - MBProgressHUD (1.0.0)
  - Moya (14.0.0):
    - Moya/Core (= 14.0.0)
  - Moya/Core (14.0.0):
    - Alamofire (~> 5.0)
  - PromiseKit (6.15.3):
    - PromiseKit/CorePromise (= 6.15.3)
    - PromiseKit/Foundation (= 6.15.3)
    - PromiseKit/UIKit (= 6.15.3)
  - PromiseKit/CorePromise (6.15.3)
  - PromiseKit/Foundation (6.15.3):
    - PromiseKit/CorePromise
  - PromiseKit/UIKit (6.15.3):
    - PromiseKit/CorePromise
  - SwiftDate (6.3.1)
  - SwiftyBeaver (1.9.5)

DEPENDENCIES:
  - "AnywhereAppointmentModule (from `git@github.com:Adaptavant/Anywhere-IOS-Module.git`, branch `appointmentModule/eventModuleCopy`)"
  - "AnywhereSchedulingEngineModule (from `git@github.com:Adaptavant/Anywhere-IOS-Module.git`, branch `appointmentModule/eventModuleCopy`)"
  - InterfaceModule
  - SwiftDate (from `https://github.com/Vignesh-Thangamariappan/SwiftDate.git`)

SPEC REPOS:
  "git@github.com:Adaptavant/ios-podspecs.git":
    - AnywhereInterfaceModule
    - InterfaceModule
  https://github.com/CocoaPods/Specs.git:
    - Alamofire
    - CustomViewPresenter
    - MagicalRecord
    - MBProgressHUD
    - Moya
    - PromiseKit
    - SwiftyBeaver

EXTERNAL SOURCES:
  AnywhereAppointmentModule:
    :branch: appointmentModule/eventModuleCopy
    :git: "git@github.com:Adaptavant/Anywhere-IOS-Module.git"
  AnywhereSchedulingEngineModule:
    :branch: appointmentModule/eventModuleCopy
    :git: "git@github.com:Adaptavant/Anywhere-IOS-Module.git"
  SwiftDate:
    :git: https://github.com/Vignesh-Thangamariappan/SwiftDate.git

CHECKOUT OPTIONS:
  AnywhereAppointmentModule:
    :commit: 69d908ebe90f4fea8d98842f02c9bf10c25b9c2c
    :git: "git@github.com:Adaptavant/Anywhere-IOS-Module.git"
  AnywhereSchedulingEngineModule:
    :commit: 69d908ebe90f4fea8d98842f02c9bf10c25b9c2c
    :git: "git@github.com:Adaptavant/Anywhere-IOS-Module.git"
  SwiftDate:
    :commit: 3c03ac3de625985b8fd46fa78c6256af00f161c0
    :git: https://github.com/Vignesh-Thangamariappan/SwiftDate.git

SPEC CHECKSUMS:
  Alamofire: e447a2774a40c996748296fa2c55112fdbbc42f9
  AnywhereAppointmentModule: b0b0a79cac022fcd850fd043b67798ce75e9c10a
  AnywhereInterfaceModule: 8d9adee73f3f9947a422f0f1e49780b84a75bf09
  AnywhereSchedulingEngineModule: ef90fbe6c2f0860d503a8f86eb7d328db9ef2aec
  CustomViewPresenter: 511924042c31928def10aca6dae50bb09524e17d
  InterfaceModule: 5f7cd6245cde3d9d3850be3e204d79fdc32260a1
  MagicalRecord: 53bed74b4323b930992a725be713e53b37d19755
  MBProgressHUD: 4890f671c94e8a0f3cf959aa731e9de2f036d71a
  Moya: 5b45dacb75adb009f97fde91c204c1e565d31916
  PromiseKit: 3b2b6995e51a954c46dbc550ce3da44fbfb563c5
  SwiftDate: 72d28954e8e1c6c1c0f917ccc8005e4f83c7d4b2
  SwiftyBeaver: 84069991dd5dca07d7069100985badaca7f0ce82

PODFILE CHECKSUM: af154981dc7508e41de1ba8dfb30c0a206d0b20b

COCOAPODS: 1.10.2
